github.com/bep/hugo-mod-misc/dummy-content v0.1.0 h1:uzr/LNGFnwApia4ryCyP8z0yVW0RjYphFn3dIn1V6Rw=
github.com/bep/hugo-mod-misc/dummy-content v0.1.0/go.mod h1:gweS5x7o0z9wCuL0GvvL7NjW9xGfvrQfE6oSRCWrF/Y=
github.com/gohugoio/hugo-mod-bootstrap-scss/v5 v5.20100.20300 h1:vfLslew+2NvGWusk8gE9Z0jpvEoIzs3Re0Qw+GT+dTI=
github.com/gohugoio/hugo-mod-bootstrap-scss/v5 v5.20100.20300/go.mod h1:XWU/Oh+hBW9hkayU92bYpnPNGfD6g2sHEjrWzCSvZME=
github.com/gohugoio/hugo-mod-bootstrap-scss/v5 v5.90100.90300 h1:bTO9HmjE7Qz6uK4XalR51XTS5sIFzmy1r/krhqKleTU=
github.com/gohugoio/hugo-mod-bootstrap-scss/v5 v5.90100.90300/go.mod h1:XWU/Oh+hBW9hkayU92bYpnPNGfD6g2sHEjrWzCSvZME=
github.com/twbs/bootstrap v5.1.3+incompatible/go.mod h1:fZTSrkpSf0/HkL0IIJzvVspTt1r9zuf7XlZau8kpcY0=
